// !$*UTF8*$!
{
	archiveVersion = 1;
	classes = {
	};
	objectVersion = 56;
	objects = {

/* Begin PBXBuildFile section */
		7E35ED7228DE34C300BCC6E7 /* AppDelegate.swift in Sources */ = {isa = PBXBuildFile; fileRef = 7E35ED7128DE34C300BCC6E7 /* AppDelegate.swift */; };
		7E35ED7428DE34C300BCC6E7 /* SceneDelegate.swift in Sources */ = {isa = PBXBuildFile; fileRef = 7E35ED7328DE34C300BCC6E7 /* SceneDelegate.swift */; };
		7E35ED7628DE34C300BCC6E7 /* ViewController.swift in Sources */ = {isa = PBXBuildFile; fileRef = 7E35ED7528DE34C300BCC6E7 /* ViewController.swift */; };
		7E35ED7928DE34C300BCC6E7 /* Main.storyboard in Resources */ = {isa = PBXBuildFile; fileRef = 7E35ED7728DE34C300BCC6E7 /* Main.storyboard */; };
		7E35ED7B28DE34C400BCC6E7 /* Assets.xcassets in Resources */ = {isa = PBXBuildFile; fileRef = 7E35ED7A28DE34C400BCC6E7 /* Assets.xcassets */; };
		7E35ED7E28DE34C400BCC6E7 /* LaunchScreen.storyboard in Resources */ = {isa = PBXBuildFile; fileRef = 7E35ED7C28DE34C400BCC6E7 /* LaunchScreen.storyboard */; };
		7E35ED8928DE34C400BCC6E7 /* TwitterTests.swift in Sources */ = {isa = PBXBuildFile; fileRef = 7E35ED8828DE34C400BCC6E7 /* TwitterTests.swift */; };
		7E35ED9328DE34C400BCC6E7 /* TwitterUITests.swift in Sources */ = {isa = PBXBuildFile; fileRef = 7E35ED9228DE34C400BCC6E7 /* TwitterUITests.swift */; };
		7E35ED9528DE34C400BCC6E7 /* TwitterUITestsLaunchTests.swift in Sources */ = {isa = PBXBuildFile; fileRef = 7E35ED9428DE34C400BCC6E7 /* TwitterUITestsLaunchTests.swift */; };
/* End PBXBuildFile section */

/* Begin PBXContainerItemProxy section */
		7E35ED8528DE34C400BCC6E7 /* PBXContainerItemProxy */ = {
			isa = PBXContainerItemProxy;
			containerPortal = 7E35ED6628DE34C300BCC6E7 /* Project object */;
			proxyType = 1;
			remoteGlobalIDString = 7E35ED6D28DE34C300BCC6E7;
			remoteInfo = Twitter;
		};
		7E35ED8F28DE34C400BCC6E7 /* PBXContainerItemProxy */ = {
			isa = PBXContainerItemProxy;
			containerPortal = 7E35ED6628DE34C300BCC6E7 /* Project object */;
			proxyType = 1;
			remoteGlobalIDString = 7E35ED6D28DE34C300BCC6E7;
			remoteInfo = Twitter;
		};
/* End PBXContainerItemProxy section */

/* Begin PBXFileReference section */
		7E35ED6E28DE34C300BCC6E7 /* Twitter.app */ = {isa = PBXFileReference; explicitFileType = wrapper.application; includeInIndex = 0; path = Twitter.app; sourceTree = BUILT_PRODUCTS_DIR; };
		7E35ED7128DE34C300BCC6E7 /* AppDelegate.swift */ = {isa = PBXFileReference; lastKnownFileType = sourcecode.swift; path = AppDelegate.swift; sourceTree = "<group>"; };
		7E35ED7328DE34C300BCC6E7 /* SceneDelegate.swift */ = {isa = PBXFileReference; lastKnownFileType = sourcecode.swift; path = SceneDelegate.swift; sourceTree = "<group>"; };
		7E35ED7528DE34C300BCC6E7 /* ViewController.swift */ = {isa = PBXFileReference; lastKnownFileType = sourcecode.swift; path = ViewController.swift; sourceTree = "<group>"; };
		7E35ED7828DE34C300BCC6E7 /* Base */ = {isa = PBXFileReference; lastKnownFileType = file.storyboard; name = Base; path = Base.lproj/Main.storyboard; sourceTree = "<group>"; };
		7E35ED7A28DE34C400BCC6E7 /* Assets.xcassets */ = {isa = PBXFileReference; lastKnownFileType = folder.assetcatalog; path = Assets.xcassets; sourceTree = "<group>"; };
		7E35ED7D28DE34C400BCC6E7 /* Base */ = {isa = PBXFileReference; lastKnownFileType = file.storyboard; name = Base; path = Base.lproj/LaunchScreen.storyboard; sourceTree = "<group>"; };
		7E35ED7F28DE34C400BCC6E7 /* Info.plist */ = {isa = PBXFileReference; lastKnownFileType = text.plist.xml; path = Info.plist; sourceTree = "<group>"; };
		7E35ED8428DE34C400BCC6E7 /* TwitterTests.xctest */ = {isa = PBXFileReference; explicitFileType = wrapper.cfbundle; includeInIndex = 0; path = TwitterTests.xctest; sourceTree = BUILT_PRODUCTS_DIR; };
		7E35ED8828DE34C400BCC6E7 /* TwitterTests.swift */ = {isa = PBXFileReference; lastKnownFileType = sourcecode.swift; path = TwitterTests.swift; sourceTree = "<group>"; };
		7E35ED8E28DE34C400BCC6E7 /* TwitterUITests.xctest */ = {isa = PBXFileReference; explicitFileType = wrapper.cfbundle; includeInIndex = 0; path = TwitterUITests.xctest; sourceTree = BUILT_PRODUCTS_DIR; };
		7E35ED9228DE34C400BCC6E7 /* TwitterUITests.swift */ = {isa = PBXFileReference; lastKnownFileType = sourcecode.swift; path = TwitterUITests.swift; sourceTree = "<group>"; };
		7E35ED9428DE34C400BCC6E7 /* TwitterUITestsLaunchTests.swift */ = {isa = PBXFileReference; lastKnownFileType = sourcecode.swift; path = TwitterUITestsLaunchTests.swift; sourceTree = "<group>"; };
/* End PBXFileReference section */

/* Begin PBXFrameworksBuildPhase section */
		7E35ED6B28DE34C300BCC6E7 /* Frameworks */ = {
			isa = PBXFrameworksBuildPhase;
			buildActionMask = 2147483647;
			files = (
			);
			runOnlyForDeploymentPostprocessing = 0;
		};
		7E35ED8128DE34C400BCC6E7 /* Frameworks */ = {
			isa = PBXFrameworksBuildPhase;
			buildActionMask = 2147483647;
			files = (
			);
			runOnlyForDeploymentPostprocessing = 0;
		};
		7E35ED8B28DE34C400BCC6E7 /* Frameworks */ = {
			isa = PBXFrameworksBuildPhase;
			buildActionMask = 2147483647;
			files = (
			);
			runOnlyForDeploymentPostprocessing = 0;
		};
/* End PBXFrameworksBuildPhase section */

/* Begin PBXGroup section */
		7E35ED6528DE34C300BCC6E7 = {
			isa = PBXGroup;
			children = (
				7E35ED7028DE34C300BCC6E7 /* Twitter */,
				7E35ED8728DE34C400BCC6E7 /* TwitterTests */,
				7E35ED9128DE34C400BCC6E7 /* TwitterUITests */,
				7E35ED6F28DE34C300BCC6E7 /* Products */,
			);
			sourceTree = "<group>";
		};
		7E35ED6F28DE34C300BCC6E7 /* Products */ = {
			isa = PBXGroup;
			children = (
				7E35ED6E28DE34C300BCC6E7 /* Twitter.app */,
				7E35ED8428DE34C400BCC6E7 /* TwitterTests.xctest */,
				7E35ED8E28DE34C400BCC6E7 /* TwitterUITests.xctest */,
			);
			name = Products;
			sourceTree = "<group>";
		};
		7E35ED7028DE34C300BCC6E7 /* Twitter */ = {
			isa = PBXGroup;
			children = (
				7E35ED7128DE34C300BCC6E7 /* AppDelegate.swift */,
				7E35ED7328DE34C300BCC6E7 /* SceneDelegate.swift */,
				7E35ED7528DE34C300BCC6E7 /* ViewController.swift */,
				7E35ED7728DE34C300BCC6E7 /* Main.storyboard */,
				7E35ED7A28DE34C400BCC6E7 /* Assets.xcassets */,
				7E35ED7C28DE34C400BCC6E7 /* LaunchScreen.storyboard */,
				7E35ED7F28DE34C400BCC6E7 /* Info.plist */,
			);
			path = Twitter;
			sourceTree = "<group>";
		};
		7E35ED8728DE34C400BCC6E7 /* TwitterTests */ = {
			isa = PBXGroup;
			children = (
				7E35ED8828DE34C400BCC6E7 /* TwitterTests.swift */,
			);
			path = TwitterTests;
			sourceTree = "<group>";
		};
		7E35ED9128DE34C400BCC6E7 /* TwitterUITests */ = {
			isa = PBXGroup;
			children = (
				7E35ED9228DE34C400BCC6E7 /* TwitterUITests.swift */,
				7E35ED9428DE34C400BCC6E7 /* TwitterUITestsLaunchTests.swift */,
			);
			path = TwitterUITests;
			sourceTree = "<group>";
		};
/* End PBXGroup section */

/* Begin PBXNativeTarget section */
		7E35ED6D28DE34C300BCC6E7 /* Twitter */ = {
			isa = PBXNativeTarget;
			buildConfigurationList = 7E35ED9828DE34C400BCC6E7 /* Build configuration list for PBXNativeTarget "Twitter" */;
			buildPhases = (
				7E35ED6A28DE34C300BCC6E7 /* Sources */,
				7E35ED6B28DE34C300BCC6E7 /* Frameworks */,
				7E35ED6C28DE34C300BCC6E7 /* Resources */,
			);
			buildRules = (
			);
			dependencies = (
			);
			name = Twitter;
			productName = Twitter;
			productReference = 7E35ED6E28DE34C300BCC6E7 /* Twitter.app */;
			productType = "com.apple.product-type.application";
		};
		7E35ED8328DE34C400BCC6E7 /* TwitterTests */ = {
			isa = PBXNativeTarget;
			buildConfigurationList = 7E35ED9B28DE34C400BCC6E7 /* Build configuration list for PBXNativeTarget "TwitterTests" */;
			buildPhases = (
				7E35ED8028DE34C400BCC6E7 /* Sources */,
				7E35ED8128DE34C400BCC6E7 /* Frameworks */,
				7E35ED8228DE34C400BCC6E7 /* Resources */,
			);
			buildRules = (
			);
			dependencies = (
				7E35ED8628DE34C400BCC6E7 /* PBXTargetDependency */,
			);
			name = TwitterTests;
			productName = TwitterTests;
			productReference = 7E35ED8428DE34C400BCC6E7 /* TwitterTests.xctest */;
			productType = "com.apple.product-type.bundle.unit-test";
		};
		7E35ED8D28DE34C400BCC6E7 /* TwitterUITests */ = {
			isa = PBXNativeTarget;
			buildConfigurationList = 7E35ED9E28DE34C400BCC6E7 /* Build configuration list for PBXNativeTarget "TwitterUITests" */;
			buildPhases = (
				7E35ED8A28DE34C400BCC6E7 /* Sources */,
				7E35ED8B28DE34C400BCC6E7 /* Frameworks */,
				7E35ED8C28DE34C400BCC6E7 /* Resources */,
			);
			buildRules = (
			);
			dependencies = (
				7E35ED9028DE34C400BCC6E7 /* PBXTargetDependency */,
			);
			name = TwitterUITests;
			productName = TwitterUITests;
			productReference = 7E35ED8E28DE34C400BCC6E7 /* TwitterUITests.xctest */;
			productType = "com.apple.product-type.bundle.ui-testing";
		};
/* End PBXNativeTarget section */

/* Begin PBXProject section */
		7E35ED6628DE34C300BCC6E7 /* Project object */ = {
			isa = PBXProject;
			attributes = {
				BuildIndependentTargetsInParallel = 1;
				LastSwiftUpdateCheck = 1400;
				LastUpgradeCheck = 1400;
				TargetAttributes = {
					7E35ED6D28DE34C300BCC6E7 = {
						CreatedOnToolsVersion = 14.0;
					};
					7E35ED8328DE34C400BCC6E7 = {
						CreatedOnToolsVersion = 14.0;
						TestTargetID = 7E35ED6D28DE34C300BCC6E7;
					};
					7E35ED8D28DE34C400BCC6E7 = {
						CreatedOnToolsVersion = 14.0;
						TestTargetID = 7E35ED6D28DE34C300BCC6E7;
					};
				};
			};
			buildConfigurationList = 7E35ED6928DE34C300BCC6E7 /* Build configuration list for PBXProject "Twitter" */;
			compatibilityVersion = "Xcode 14.0";
			developmentRegion = en;
			hasScannedForEncodings = 0;
			knownRegions = (
				en,
				Base,
			);
			mainGroup = 7E35ED6528DE34C300BCC6E7;
			productRefGroup = 7E35ED6F28DE34C300BCC6E7 /* Products */;
			projectDirPath = "";
			projectRoot = "";
			targets = (
				7E35ED6D28DE34C300BCC6E7 /* Twitter */,
				7E35ED8328DE34C400BCC6E7 /* TwitterTests */,
				7E35ED8D28DE34C400BCC6E7 /* TwitterUITests */,
			);
		};
/* End PBXProject section */

/* Begin PBXResourcesBuildPhase section */
		7E35ED6C28DE34C300BCC6E7 /* Resources */ = {
			isa = PBXResourcesBuildPhase;
			buildActionMask = 2147483647;
			files = (
				7E35ED7E28DE34C400BCC6E7 /* LaunchScreen.storyboard in Resources */,
				7E35ED7B28DE34C400BCC6E7 /* Assets.xcassets in Resources */,
				7E35ED7928DE34C300BCC6E7 /* Main.storyboard in Resources */,
			);
			runOnlyForDeploymentPostprocessing = 0;
		};
		7E35ED8228DE34C400BCC6E7 /* Resources */ = {
			isa = PBXResourcesBuildPhase;
			buildActionMask = 2147483647;
			files = (
			);
			runOnlyForDeploymentPostprocessing = 0;
		};
		7E35ED8C28DE34C400BCC6E7 /* Resources */ = {
			isa = PBXResourcesBuildPhase;
			buildActionMask = 2147483647;
			files = (
			);
			runOnlyForDeploymentPostprocessing = 0;
		};
/* End PBXResourcesBuildPhase section */

/* Begin PBXSourcesBuildPhase section */
		7E35ED6A28DE34C300BCC6E7 /* Sources */ = {
			isa = PBXSourcesBuildPhase;
			buildActionMask = 2147483647;
			files = (
				7E35ED7628DE34C300BCC6E7 /* ViewController.swift in Sources */,
				7E35ED7228DE34C300BCC6E7 /* AppDelegate.swift in Sources */,
				7E35ED7428DE34C300BCC6E7 /* SceneDelegate.swift in Sources */,
			);
			runOnlyForDeploymentPostprocessing = 0;
		};
		7E35ED8028DE34C400BCC6E7 /* Sources */ = {
			isa = PBXSourcesBuildPhase;
			buildActionMask = 2147483647;
			files = (
				7E35ED8928DE34C400BCC6E7 /* TwitterTests.swift in Sources */,
			);
			runOnlyForDeploymentPostprocessing = 0;
		};
		7E35ED8A28DE34C400BCC6E7 /* Sources */ = {
			isa = PBXSourcesBuildPhase;
			buildActionMask = 2147483647;
			files = (
				7E35ED9528DE34C400BCC6E7 /* TwitterUITestsLaunchTests.swift in Sources */,
				7E35ED9328DE34C400BCC6E7 /* TwitterUITests.swift in Sources */,
			);
			runOnlyForDeploymentPostprocessing = 0;
		};
/* End PBXSourcesBuildPhase section */

/* Begin PBXTargetDependency section */
		7E35ED8628DE34C400BCC6E7 /* PBXTargetDependency */ = {
			isa = PBXTargetDependency;
			target = 7E35ED6D28DE34C300BCC6E7 /* Twitter */;
			targetProxy = 7E35ED8528DE34C400BCC6E7 /* PBXContainerItemProxy */;
		};
		7E35ED9028DE34C400BCC6E7 /* PBXTargetDependency */ = {
			isa = PBXTargetDependency;
			target = 7E35ED6D28DE34C300BCC6E7 /* Twitter */;
			targetProxy = 7E35ED8F28DE34C400BCC6E7 /* PBXContainerItemProxy */;
		};
/* End PBXTargetDependency section */

/* Begin PBXVariantGroup section */
		7E35ED7728DE34C300BCC6E7 /* Main.storyboard */ = {
			isa = PBXVariantGroup;
			children = (
				7E35ED7828DE34C300BCC6E7 /* Base */,
			);
			name = Main.storyboard;
			sourceTree = "<group>";
		};
		7E35ED7C28DE34C400BCC6E7 /* LaunchScreen.storyboard */ = {
			isa = PBXVariantGroup;
			children = (
				7E35ED7D28DE34C400BCC6E7 /* Base */,
			);
			name = LaunchScreen.storyboard;
			sourceTree = "<group>";
		};
/* End PBXVariantGroup section */

/* Begin XCBuildConfiguration section */
		7E35ED9628DE34C400BCC6E7 /* Debug */ = {
			isa = XCBuildConfiguration;
			buildSettings = {
				ALWAYS_SEARCH_USER_PATHS = NO;
				CLANG_ANALYZER_NONNULL = YES;
				CLANG_ANALYZER_NUMBER_OBJECT_CONVERSION = YES_AGGRESSIVE;
				CLANG_CXX_LANGUAGE_STANDARD = "gnu++20";
				CLANG_ENABLE_MODULES = YES;
				CLANG_ENABLE_OBJC_ARC = YES;
				CLANG_ENABLE_OBJC_WEAK = YES;
				CLANG_WARN_BLOCK_CAPTURE_AUTORELEASING = YES;
				CLANG_WARN_BOOL_CONVERSION = YES;
				CLANG_WARN_COMMA = YES;
				CLANG_WARN_CONSTANT_CONVERSION = YES;
				CLANG_WARN_DEPRECATED_OBJC_IMPLEMENTATIONS = YES;
				CLANG_WARN_DIRECT_OBJC_ISA_USAGE = YES_ERROR;
				CLANG_WARN_DOCUMENTATION_COMMENTS = YES;
				CLANG_WARN_EMPTY_BODY = YES;
				CLANG_WARN_ENUM_CONVERSION = YES;
				CLANG_WARN_INFINITE_RECURSION = YES;
				CLANG_WARN_INT_CONVERSION = YES;
				CLANG_WARN_NON_LITERAL_NULL_CONVERSION = YES;
				CLANG_WARN_OBJC_IMPLICIT_RETAIN_SELF = YES;
				CLANG_WARN_OBJC_LITERAL_CONVERSION = YES;
				CLANG_WARN_OBJC_ROOT_CLASS = YES_ERROR;
				CLANG_WARN_QUOTED_INCLUDE_IN_FRAMEWORK_HEADER = YES;
				CLANG_WARN_RANGE_LOOP_ANALYSIS = YES;
				CLANG_WARN_STRICT_PROTOTYPES = YES;
				CLANG_WARN_SUSPICIOUS_MOVE = YES;
				CLANG_WARN_UNGUARDED_AVAILABILITY = YES_AGGRESSIVE;
				CLANG_WARN_UNREACHABLE_CODE = YES;
				CLANG_WARN__DUPLICATE_METHOD_MATCH = YES;
				COPY_PHASE_STRIP = NO;
				DEBUG_INFORMATION_FORMAT = dwarf;
				ENABLE_STRICT_OBJC_MSGSEND = YES;
				ENABLE_TESTABILITY = YES;
				GCC_C_LANGUAGE_STANDARD = gnu11;
				GCC_DYNAMIC_NO_PIC = NO;
				GCC_NO_COMMON_BLOCKS = YES;
				GCC_OPTIMIZATION_LEVEL = 0;
				GCC_PREPROCESSOR_DEFINITIONS = (
					"DEBUG=1",
					"$(inherited)",
				);
				GCC_WARN_64_TO_32_BIT_CONVERSION = YES;
				GCC_WARN_ABOUT_RETURN_TYPE = YES_ERROR;
				GCC_WARN_UNDECLARED_SELECTOR = YES;
				GCC_WARN_UNINITIALIZED_AUTOS = YES_AGGRESSIVE;
				GCC_WARN_UNUSED_FUNCTION = YES;
				GCC_WARN_UNUSED_VARIABLE = YES;
				IPHONEOS_DEPLOYMENT_TARGET = 16.0;
				MTL_ENABLE_DEBUG_INFO = INCLUDE_SOURCE;
				MTL_FAST_MATH = YES;
				ONLY_ACTIVE_ARCH = YES;
				SDKROOT = iphoneos;
				SWIFT_ACTIVE_COMPILATION_CONDITIONS = DEBUG;
				SWIFT_OPTIMIZATION_LEVEL = "-Onone";
			};
			name = Debug;
		};
		7E35ED9728DE34C400BCC6E7 /* Release */ = {
			isa = XCBuildConfiguration;
			buildSettings = {
				ALWAYS_SEARCH_USER_PATHS = NO;
				CLANG_ANALYZER_NONNULL = YES;
				CLANG_ANALYZER_NUMBER_OBJECT_CONVERSION = YES_AGGRESSIVE;
				CLANG_CXX_LANGUAGE_STANDARD = "gnu++20";
				CLANG_ENABLE_MODULES = YES;
				CLANG_ENABLE_OBJC_ARC = YES;
				CLANG_ENABLE_OBJC_WEAK = YES;
				CLANG_WARN_BLOCK_CAPTURE_AUTORELEASING = YES;
				CLANG_WARN_BOOL_CONVERSION = YES;
				CLANG_WARN_COMMA = YES;
				CLANG_WARN_CONSTANT_CONVERSION = YES;
				CLANG_WARN_DEPRECATED_OBJC_IMPLEMENTATIONS = YES;
				CLANG_WARN_DIRECT_OBJC_ISA_USAGE = YES_ERROR;
				CLANG_WARN_DOCUMENTATION_COMMENTS = YES;
				CLANG_WARN_EMPTY_BODY = YES;
				CLANG_WARN_ENUM_CONVERSION = YES;
				CLANG_WARN_INFINITE_RECURSION = YES;
				CLANG_WARN_INT_CONVERSION = YES;
				CLANG_WARN_NON_LITERAL_NULL_CONVERSION = YES;
				CLANG_WARN_OBJC_IMPLICIT_RETAIN_SELF = YES;
				CLANG_WARN_OBJC_LITERAL_CONVERSION = YES;
				CLANG_WARN_OBJC_ROOT_CLASS = YES_ERROR;
				CLANG_WARN_QUOTED_INCLUDE_IN_FRAMEWORK_HEADER = YES;
				CLANG_WARN_RANGE_LOOP_ANALYSIS = YES;
				CLANG_WARN_STRICT_PROTOTYPES = YES;
				CLANG_WARN_SUSPICIOUS_MOVE = YES;
				CLANG_WARN_UNGUARDED_AVAILABILITY = YES_AGGRESSIVE;
				CLANG_WARN_UNREACHABLE_CODE = YES;
				CLANG_WARN__DUPLICATE_METHOD_MATCH = YES;
				COPY_PHASE_STRIP = NO;
				DEBUG_INFORMATION_FORMAT = "dwarf-with-dsym";
				ENABLE_NS_ASSERTIONS = NO;
				ENABLE_STRICT_OBJC_MSGSEND = YES;
				GCC_C_LANGUAGE_STANDARD = gnu11;
				GCC_NO_COMMON_BLOCKS = YES;
				GCC_WARN_64_TO_32_BIT_CONVERSION = YES;
				GCC_WARN_ABOUT_RETURN_TYPE = YES_ERROR;
				GCC_WARN_UNDECLARED_SELECTOR = YES;
				GCC_WARN_UNINITIALIZED_AUTOS = YES_AGGRESSIVE;
				GCC_WARN_UNUSED_FUNCTION = YES;
				GCC_WARN_UNUSED_VARIABLE = YES;
				IPHONEOS_DEPLOYMENT_TARGET = 16.0;
				MTL_ENABLE_DEBUG_INFO = NO;
				MTL_FAST_MATH = YES;
				SDKROOT = iphoneos;
				SWIFT_COMPILATION_MODE = wholemodule;
				SWIFT_OPTIMIZATION_LEVEL = "-O";
				VALIDATE_PRODUCT = YES;
			};
			name = Release;
		};
		7E35ED9928DE34C400BCC6E7 /* Debug */ = {
			isa = XCBuildConfiguration;
			buildSettings = {
				ASSETCATALOG_COMPILER_APPICON_NAME = AppIcon;
				ASSETCATALOG_COMPILER_GLOBAL_ACCENT_COLOR_NAME = AccentColor;
				CODE_SIGN_STYLE = Automatic;
				CURRENT_PROJECT_VERSION = 1;
				GENERATE_INFOPLIST_FILE = YES;
				INFOPLIST_FILE = Twitter/Info.plist;
				INFOPLIST_KEY_UIApplicationSupportsIndirectInputEvents = YES;
				INFOPLIST_KEY_UILaunchStoryboardName = LaunchScreen;
				INFOPLIST_KEY_UIMainStoryboardFile = Main;
				INFOPLIST_KEY_UISupportedInterfaceOrientations_iPad = "UIInterfaceOrientationPortrait UIInterfaceOrientationPortraitUpsideDown UIInterfaceOrientationLandscapeLeft UIInterfaceOrientationLandscapeRight";
				INFOPLIST_KEY_UISupportedInterfaceOrientations_iPhone = "UIInterfaceOrientationPortrait UIInterfaceOrientationLandscapeLeft UIInterfaceOrientationLandscapeRight";
				LD_RUNPATH_SEARCH_PATHS = (
					"$(inherited)",
					"@executable_path/Frameworks",
				);
				MARKETING_VERSION = 1.0;
				PRODUCT_BUNDLE_IDENTIFIER = netzer.Twitter;
				PRODUCT_NAME = "$(TARGET_NAME)";
				SWIFT_EMIT_LOC_STRINGS = YES;
				SWIFT_VERSION = 5.0;
				TARGETED_DEVICE_FAMILY = "1,2";
			};
			name = Debug;
		};
		7E35ED9A28DE34C400BCC6E7 /* Release */ = {
			isa = XCBuildConfiguration;
			buildSettings = {
				ASSETCATALOG_COMPILER_APPICON_NAME = AppIcon;
				ASSETCATALOG_COMPILER_GLOBAL_ACCENT_COLOR_NAME = AccentColor;
				CODE_SIGN_STYLE = Automatic;
				CURRENT_PROJECT_VERSION = 1;
				GENERATE_INFOPLIST_FILE = YES;
				INFOPLIST_FILE = Twitter/Info.plist;
				INFOPLIST_KEY_UIApplicationSupportsIndirectInputEvents = YES;
				INFOPLIST_KEY_UILaunchStoryboardName = LaunchScreen;
				INFOPLIST_KEY_UIMainStoryboardFile = Main;
				INFOPLIST_KEY_UISupportedInterfaceOrientations_iPad = "UIInterfaceOrientationPortrait UIInterfaceOrientationPortraitUpsideDown UIInterfaceOrientationLandscapeLeft UIInterfaceOrientationLandscapeRight";
				INFOPLIST_KEY_UISupportedInterfaceOrientations_iPhone = "UIInterfaceOrientationPortrait UIInterfaceOrientationLandscapeLeft UIInterfaceOrientationLandscapeRight";
				LD_RUNPATH_SEARCH_PATHS = (
					"$(inherited)",
					"@executable_path/Frameworks",
				);
				MARKETING_VERSION = 1.0;
				PRODUCT_BUNDLE_IDENTIFIER = netzer.Twitter;
				PRODUCT_NAME = "$(TARGET_NAME)";
				SWIFT_EMIT_LOC_STRINGS = YES;
				SWIFT_VERSION = 5.0;
				TARGETED_DEVICE_FAMILY = "1,2";
			};
			name = Release;
		};
		7E35ED9C28DE34C400BCC6E7 /* Debug */ = {
			isa = XCBuildConfiguration;
			buildSettings = {
				ALWAYS_EMBED_SWIFT_STANDARD_LIBRARIES = YES;
				BUNDLE_LOADER = "$(TEST_HOST)";
				CODE_SIGN_STYLE = Automatic;
				CURRENT_PROJECT_VERSION = 1;
				GENERATE_INFOPLIST_FILE = YES;
				IPHONEOS_DEPLOYMENT_TARGET = 16.0;
				MARKETING_VERSION = 1.0;
				PRODUCT_BUNDLE_IDENTIFIER = netzer.TwitterTests;
				PRODUCT_NAME = "$(TARGET_NAME)";
				SWIFT_EMIT_LOC_STRINGS = NO;
				SWIFT_VERSION = 5.0;
				TARGETED_DEVICE_FAMILY = "1,2";
				TEST_HOST = "$(BUILT_PRODUCTS_DIR)/Twitter.app/$(BUNDLE_EXECUTABLE_FOLDER_PATH)/Twitter";
			};
			name = Debug;
		};
		7E35ED9D28DE34C400BCC6E7 /* Release */ = {
			isa = XCBuildConfiguration;
			buildSettings = {
				ALWAYS_EMBED_SWIFT_STANDARD_LIBRARIES = YES;
				BUNDLE_LOADER = "$(TEST_HOST)";
				CODE_SIGN_STYLE = Automatic;
				CURRENT_PROJECT_VERSION = 1;
				GENERATE_INFOPLIST_FILE = YES;
				IPHONEOS_DEPLOYMENT_TARGET = 16.0;
				MARKETING_VERSION = 1.0;
				PRODUCT_BUNDLE_IDENTIFIER = netzer.TwitterTests;
				PRODUCT_NAME = "$(TARGET_NAME)";
				SWIFT_EMIT_LOC_STRINGS = NO;
				SWIFT_VERSION = 5.0;
				TARGETED_DEVICE_FAMILY = "1,2";
				TEST_HOST = "$(BUILT_PRODUCTS_DIR)/Twitter.app/$(BUNDLE_EXECUTABLE_FOLDER_PATH)/Twitter";
			};
			name = Release;
		};
		7E35ED9F28DE34C400BCC6E7 /* Debug */ = {
			isa = XCBuildConfiguration;
			buildSettings = {
				ALWAYS_EMBED_SWIFT_STANDARD_LIBRARIES = YES;
				CODE_SIGN_STYLE = Automatic;
				CURRENT_PROJECT_VERSION = 1;
				GENERATE_INFOPLIST_FILE = YES;
				MARKETING_VERSION = 1.0;
				PRODUCT_BUNDLE_IDENTIFIER = netzer.TwitterUITests;
				PRODUCT_NAME = "$(TARGET_NAME)";
				SWIFT_EMIT_LOC_STRINGS = NO;
				SWIFT_VERSION = 5.0;
				TARGETED_DEVICE_FAMILY = "1,2";
				TEST_TARGET_NAME = Twitter;
			};
			name = Debug;
		};
		7E35EDA028DE34C400BCC6E7 /* Release */ = {
			isa = XCBuildConfiguration;
			buildSettings = {
				ALWAYS_EMBED_SWIFT_STANDARD_LIBRARIES = YES;
				CODE_SIGN_STYLE = Automatic;
				CURRENT_PROJECT_VERSION = 1;
				GENERATE_INFOPLIST_FILE = YES;
				MARKETING_VERSION = 1.0;
				PRODUCT_BUNDLE_IDENTIFIER = netzer.TwitterUITests;
				PRODUCT_NAME = "$(TARGET_NAME)";
				SWIFT_EMIT_LOC_STRINGS = NO;
				SWIFT_VERSION = 5.0;
				TARGETED_DEVICE_FAMILY = "1,2";
				TEST_TARGET_NAME = Twitter;
			};
			name = Release;
		};
/* End XCBuildConfiguration section */

/* Begin XCConfigurationList section */
		7E35ED6928DE34C300BCC6E7 /* Build configuration list for PBXProject "Twitter" */ = {
			isa = XCConfigurationList;
			buildConfigurations = (
				7E35ED9628DE34C400BCC6E7 /* Debug */,
				7E35ED9728DE34C400BCC6E7 /* Release */,
			);
			defaultConfigurationIsVisible = 0;
			defaultConfigurationName = Release;
		};
		7E35ED9828DE34C400BCC6E7 /* Build configuration list for PBXNativeTarget "Twitter" */ = {
			isa = XCConfigurationList;
			buildConfigurations = (
				7E35ED9928DE34C400BCC6E7 /* Debug */,
				7E35ED9A28DE34C400BCC6E7 /* Release */,
			);
			defaultConfigurationIsVisible = 0;
			defaultConfigurationName = Release;
		};
		7E35ED9B28DE34C400BCC6E7 /* Build configuration list for PBXNativeTarget "TwitterTests" */ = {
			isa = XCConfigurationList;
			buildConfigurations = (
				7E35ED9C28DE34C400BCC6E7 /* Debug */,
				7E35ED9D28DE34C400BCC6E7 /* Release */,
			);
			defaultConfigurationIsVisible = 0;
			defaultConfigurationName = Release;
		};
		7E35ED9E28DE34C400BCC6E7 /* Build configuration list for PBXNativeTarget "TwitterUITests" */ = {
			isa = XCConfigurationList;
			buildConfigurations = (
				7E35ED9F28DE34C400BCC6E7 /* Debug */,
				7E35EDA028DE34C400BCC6E7 /* Release */,
			);
			defaultConfigurationIsVisible = 0;
			defaultConfigurationName = Release;
		};
/* End XCConfigurationList section */
	};
	rootObject = 7E35ED6628DE34C300BCC6E7 /* Project object */;
}
